Microsoft Visual Studio Solution File, Format Version 11.00
# Visual Studio 2010
Project("{8BC9CEB8-8B4A-11D0-8D11-00A0C91BC942}") = "reflector", "reflector.vcxproj", "{2CF1E21B-04F6-48BC-A9B7-31144AFDFB9C}"
EndProject
Project("{2150E333-8FDC-42A3-9474-1A3956D46DE8}") = "Solution Items", "Solution Items", "{CB953B31-08B5-4B09-8006-DBC37DA80BF9}"
	ProjectSection(SolutionItems) = preProject
		readme.txt = readme.txt
	EndProjectSection
EndProject
Project("{2150E333-8FDC-42A3-9474-1A3956D46DE8}") = "test", "test", "{48901E1F-77AC-4E39-BBB9-89E9956B35B7}"
	ProjectSection(SolutionItems) = preProject
		test\test.cpp = test\test.cpp
		test\test.h = test\test.h
		test\test2.cpp = test\test2.cpp
		test\test_01_language.cpp = test\test_01_language.cpp
		test\test_01_language.xml = test\test_01_language.xml
		test\test_02_reflect.cpp = test\test_02_reflect.cpp
	EndProjectSection
EndProject
Global
	GlobalSection(SolutionConfigurationPlatforms) = preSolution
		Debug|Win32 = Debug|Win32
		Release|Win32 = Release|Win32
	EndGlobalSection
	GlobalSection(ProjectConfigurationPlatforms) = postSolution
		{2CF1E21B-04F6-48BC-A9B7-31144AFDFB9C}.Debug|Win32.ActiveCfg = Debug|Win32
		{2CF1E21B-04F6-48BC-A9B7-31144AFDFB9C}.Debug|Win32.Build.0 = Debug|Win32
		{2CF1E21B-04F6-48BC-A9B7-31144AFDFB9C}.Release|Win32.ActiveCfg = Release|Win32
		{2CF1E21B-04F6-48BC-A9B7-31144AFDFB9C}.Release|Win32.Build.0 = Release|Win32
	EndGlobalSection
	GlobalSection(SolutionProperties) = preSolution
		HideSolutionNode = FALSE
	EndGlobalSection
EndGlobal
