<?xml version="1.0" encoding="utf-8"?>
<Project ToolsVersion="4.0" xmlns="http://schemas.microsoft.com/developer/msbuild/2003">
  <ItemGroup>
    <Filter Include="src">
      <UniqueIdentifier>{cb7767d5-6581-4a40-8d52-6edadabec33f}</UniqueIdentifier>
    </Filter>
  </ItemGroup>
  <ItemGroup>
    <ClCompile Include="src\ReflectorASTConsumer.cpp">
      <Filter>src</Filter>
    </ClCompile>
    <ClCompile Include="src\ReflectorCommentHandler.cpp">
      <Filter>src</Filter>
    </ClCompile>
    <ClCompile Include="src\ReflectorContext.cpp">
      <Filter>src</Filter>
    </ClCompile>
    <ClCompile Include="src\ReflectorWriter.cpp">
      <Filter>src</Filter>
    </ClCompile>
    <ClCompile Include="src\Reflector.cpp">
      <Filter>src</Filter>
    </ClCompile>
  </ItemGroup>
  <ItemGroup>
    <ClInclude Include="src\Reflector.h">
      <Filter>src</Filter>
    </ClInclude>
    <ClInclude Include="src\ReflectorASTConsumer.h">
      <Filter>src</Filter>
    </ClInclude>
    <ClInclude Include="src\ReflectorCommentHandler.h">
      <Filter>src</Filter>
    </ClInclude>
    <ClInclude Include="src\ReflectorContext.h">
      <Filter>src</Filter>
    </ClInclude>
    <ClInclude Include="src\ReflectorWriter.h">
      <Filter>src</Filter>
    </ClInclude>
  </ItemGroup>
</Project>