<?xml version="1.0" encoding="utf-8"?>
<Project ToolsVersion="4.0" xmlns="http://schemas.microsoft.com/developer/msbuild/2003">
  <ItemGroup>
    <Filter Include="src">
      <UniqueIdentifier>{c666fbea-0a7f-44f7-89ba-01ded6c5e04a}</UniqueIdentifier>
    </Filter>
    <Filter Include="scripts">
      <UniqueIdentifier>{16edc4a3-cc17-4ba0-a7f9-e58de4231951}</UniqueIdentifier>
    </Filter>
    <Filter Include="templates">
      <UniqueIdentifier>{e7804829-93bd-40fe-b9e8-4c98dafd1986}</UniqueIdentifier>
    </Filter>
  </ItemGroup>
  <ItemGroup>
    <None Include="scripts\process_template.pl">
      <Filter>scripts</Filter>
    </None>
    <None Include="scripts\process_accessors.pl">
      <Filter>scripts</Filter>
    </None>
    <None Include="templates\Accessors.tt">
      <Filter>templates</Filter>
    </None>
  </ItemGroup>
  <ItemGroup>
    <ClInclude Include="src\utils.h">
      <Filter>src</Filter>
    </ClInclude>
    <ClInclude Include="src\Shapes.h">
      <Filter>src</Filter>
    </ClInclude>
    <ClInclude Include="src\RTTI.h">
      <Filter>src</Filter>
    </ClInclude>
  </ItemGroup>
  <ItemGroup>
    <ClCompile Include="src\main.cpp">
      <Filter>src</Filter>
    </ClCompile>
    <ClCompile Include="src\utils.cpp">
      <Filter>src</Filter>
    </ClCompile>
    <ClCompile Include="src\RTTI.cpp">
      <Filter>src</Filter>
    </ClCompile>
  </ItemGroup>
  <ItemGroup>
    <CustomBuild Include="templates\RTTI.cpp.tt">
      <Filter>templates</Filter>
    </CustomBuild>
  </ItemGroup>
</Project>